
Microsoft Visual Studio Solution File, Format Version 12.00
# Visual Studio 15
VisualStudioVersion = 15.0.28010.2019
MinimumVisualStudioVersion = 10.0.40219.1
Project("{8BC9CEB8-8B4A-11D0-8D11-00A0C91BC942}") = "DirectXPractice", "DirectXPractice.vcxproj", "{5ED524F3-165A-425D-B380-3FA556A48005}"
EndProject
Project("{FAE04EC0-301F-11D3-BF4B-00C04F79EFBC}") = "Map Editor", "Map Editor\Map Editor.csproj", "{85B63D42-01CB-4E72-88C2-F8C30959DE50}"
EndProject
Project("{8BC9CEB8-8B4A-11D0-8D11-00A0C91BC942}") = "YTML", "..\YTML\YTML.vcxproj", "{1A4A7A44-D768-430A-BAEC-5BD20EF66F19}"
EndProject
Project("{8BC9CEB8-8B4A-11D0-8D11-00A0C91BC942}") = "BMP parser", "..\BMP parser\BMP parser.vcxproj", "{E5CEAADE-A893-4104-8AAB-F1308B971177}"
EndProject
Global
	GlobalSection(SolutionConfigurationPlatforms) = preSolution
		Debug|Any CPU = Debug|Any CPU
		Debug|x64 = Debug|x64
		Debug|x86 = Debug|x86
		Release|Any CPU = Release|Any CPU
		Release|x64 = Release|x64
		Release|x86 = Release|x86
	EndGlobalSection
	GlobalSection(ProjectConfigurationPlatforms) = postSolution
		{5ED524F3-165A-425D-B380-3FA556A48005}.Debug|Any CPU.ActiveCfg = Debug|Win32
		{5ED524F3-165A-425D-B380-3FA556A48005}.Debug|x64.ActiveCfg = Debug|x64
		{5ED524F3-165A-425D-B380-3FA556A48005}.Debug|x64.Build.0 = Debug|x64
		{5ED524F3-165A-425D-B380-3FA556A48005}.Debug|x86.ActiveCfg = Debug|Win32
		{5ED524F3-165A-425D-B380-3FA556A48005}.Debug|x86.Build.0 = Debug|Win32
		{5ED524F3-165A-425D-B380-3FA556A48005}.Release|Any CPU.ActiveCfg = Release|Win32
		{5ED524F3-165A-425D-B380-3FA556A48005}.Release|x64.ActiveCfg = Release|x64
		{5ED524F3-165A-425D-B380-3FA556A48005}.Release|x64.Build.0 = Release|x64
		{5ED524F3-165A-425D-B380-3FA556A48005}.Release|x86.ActiveCfg = Release|Win32
		{5ED524F3-165A-425D-B380-3FA556A48005}.Release|x86.Build.0 = Release|Win32
		{85B63D42-01CB-4E72-88C2-F8C30959DE50}.Debug|Any CPU.ActiveCfg = Debug|Any CPU
		{85B63D42-01CB-4E72-88C2-F8C30959DE50}.Debug|Any CPU.Build.0 = Debug|Any CPU
		{85B63D42-01CB-4E72-88C2-F8C30959DE50}.Debug|x64.ActiveCfg = Debug|Any CPU
		{85B63D42-01CB-4E72-88C2-F8C30959DE50}.Debug|x64.Build.0 = Debug|Any CPU
		{85B63D42-01CB-4E72-88C2-F8C30959DE50}.Debug|x86.ActiveCfg = Debug|Any CPU
		{85B63D42-01CB-4E72-88C2-F8C30959DE50}.Debug|x86.Build.0 = Debug|Any CPU
		{85B63D42-01CB-4E72-88C2-F8C30959DE50}.Release|Any CPU.ActiveCfg = Release|Any CPU
		{85B63D42-01CB-4E72-88C2-F8C30959DE50}.Release|Any CPU.Build.0 = Release|Any CPU
		{85B63D42-01CB-4E72-88C2-F8C30959DE50}.Release|x64.ActiveCfg = Release|Any CPU
		{85B63D42-01CB-4E72-88C2-F8C30959DE50}.Release|x86.ActiveCfg = Release|Any CPU
		{85B63D42-01CB-4E72-88C2-F8C30959DE50}.Release|x86.Build.0 = Release|Any CPU
		{1A4A7A44-D768-430A-BAEC-5BD20EF66F19}.Debug|Any CPU.ActiveCfg = Debug|Win32
		{1A4A7A44-D768-430A-BAEC-5BD20EF66F19}.Debug|x64.ActiveCfg = Debug|x64
		{1A4A7A44-D768-430A-BAEC-5BD20EF66F19}.Debug|x64.Build.0 = Debug|x64
		{1A4A7A44-D768-430A-BAEC-5BD20EF66F19}.Debug|x86.ActiveCfg = Debug|Win32
		{1A4A7A44-D768-430A-BAEC-5BD20EF66F19}.Debug|x86.Build.0 = Debug|Win32
		{1A4A7A44-D768-430A-BAEC-5BD20EF66F19}.Release|Any CPU.ActiveCfg = Release|Win32
		{1A4A7A44-D768-430A-BAEC-5BD20EF66F19}.Release|x64.ActiveCfg = Release|x64
		{1A4A7A44-D768-430A-BAEC-5BD20EF66F19}.Release|x64.Build.0 = Release|x64
		{1A4A7A44-D768-430A-BAEC-5BD20EF66F19}.Release|x86.ActiveCfg = Release|Win32
		{1A4A7A44-D768-430A-BAEC-5BD20EF66F19}.Release|x86.Build.0 = Release|Win32
		{E5CEAADE-A893-4104-8AAB-F1308B971177}.Debug|Any CPU.ActiveCfg = Debug|Win32
		{E5CEAADE-A893-4104-8AAB-F1308B971177}.Debug|x64.ActiveCfg = Debug|x64
		{E5CEAADE-A893-4104-8AAB-F1308B971177}.Debug|x64.Build.0 = Debug|x64
		{E5CEAADE-A893-4104-8AAB-F1308B971177}.Debug|x86.ActiveCfg = Debug|Win32
		{E5CEAADE-A893-4104-8AAB-F1308B971177}.Debug|x86.Build.0 = Debug|Win32
		{E5CEAADE-A893-4104-8AAB-F1308B971177}.Release|Any CPU.ActiveCfg = Release|Win32
		{E5CEAADE-A893-4104-8AAB-F1308B971177}.Release|x64.ActiveCfg = Release|x64
		{E5CEAADE-A893-4104-8AAB-F1308B971177}.Release|x64.Build.0 = Release|x64
		{E5CEAADE-A893-4104-8AAB-F1308B971177}.Release|x86.ActiveCfg = Release|Win32
		{E5CEAADE-A893-4104-8AAB-F1308B971177}.Release|x86.Build.0 = Release|Win32
	EndGlobalSection
	GlobalSection(SolutionProperties) = preSolution
		HideSolutionNode = FALSE
	EndGlobalSection
	GlobalSection(ExtensibilityGlobals) = postSolution
		SolutionGuid = {04BFCC3F-D1A6-4294-9389-C0BC36EA7CF9}
	EndGlobalSection
EndGlobal
